[root]
name = "robot-name"
version = "0.0.0"
dependencies = [
 "rand 0.3.14 (registry+git://crates.mirrors.ustc.edu.cn/index)",
]

[[package]]
name = "libc"
version = "0.2.10"
source = "registry+git://crates.mirrors.ustc.edu.cn/index"

[[package]]
name = "rand"
version = "0.3.14"
source = "registry+git://crates.mirrors.ustc.edu.cn/index"
dependencies = [
 "libc 0.2.10 (registry+git://crates.mirrors.ustc.edu.cn/index)",
]

